# This file is automatically @generated by Cargo.
# It is not intended for manual editing.
version = 4

[[package]]
name = "negative-memory-hog"
version = "0.1.0"

[[patch.unused]]
name = "evorule-rule"
version = "0.3.1"

[[patch.unused]]
name = "evorule-governance"
version = "0.6.0"

[[patch.unused]]
name = "evorule-reactor"
version = "0.6.0"

[[patch.unused]]
name = "evorule-tcb"
version = "0.6.0"
